
Microsoft Visual Studio Solution File, Format Version 12.00
# Visual Studio Version 17
VisualStudioVersion = 17.1.32328.378
MinimumVisualStudioVersion = 10.0.40219.1
Project("{9A19103F-16F7-4668-BE54-9A1E7A4F7556}") = "ConsoleApp", "ConsoleApp\ConsoleApp.csproj", "{DC366A67-36D7-4B92-B904-D1D985361AE3}"
EndProject
Project("{9A19103F-16F7-4668-BE54-9A1E7A4F7556}") = "boxingAndUnboxing", "boxingAndUnboxing\boxingAndUnboxing.csproj", "{8E8D0581-1570-4C8F-BA4E-D8759FB1C035}"
EndProject
Project("{9A19103F-16F7-4668-BE54-9A1E7A4F7556}") = "Class", "Class\Class.csproj", "{B41DB859-6E6F-4BE2-AE9F-2A14901C07D6}"
EndProject
Project("{9A19103F-16F7-4668-BE54-9A1E7A4F7556}") = "Constructor", "Constructor\Constructor.csproj", "{25536763-0F66-4283-90F0-5DE2C6B3550C}"
EndProject
Project("{9A19103F-16F7-4668-BE54-9A1E7A4F7556}") = "Parameter", "Parameter\Parameter.csproj", "{B43959ED-EC69-4194-9DF2-E59BD6472D2E}"
EndProject
Project("{9A19103F-16F7-4668-BE54-9A1E7A4F7556}") = "OverRide", "OverRide\OverRide.csproj", "{AD3B73F9-EDE0-4680-BDE6-5BA0D1300E09}"
EndProject
Project("{9A19103F-16F7-4668-BE54-9A1E7A4F7556}") = "Casting", "Casting\Casting.csproj", "{52C30B4A-88C3-4CEA-8F9E-D8B09373D4FE}"
EndProject
Project("{9A19103F-16F7-4668-BE54-9A1E7A4F7556}") = "Interface", "Interface\Interface.csproj", "{A34653BB-0CD3-43B9-A635-D858A65860B6}"
EndProject
Project("{9A19103F-16F7-4668-BE54-9A1E7A4F7556}") = "Abstract", "Abstract\Abstract.csproj", "{306D128F-7157-4A81-9C5F-912F38BE1F31}"
EndProject
Project("{9A19103F-16F7-4668-BE54-9A1E7A4F7556}") = "Delegate", "Deligate\Delegate.csproj", "{69220264-5310-494D-B855-4820CCDD5EBA}"
EndProject
Project("{9A19103F-16F7-4668-BE54-9A1E7A4F7556}") = "Anonymous", "Ananymous\Anonymous.csproj", "{FA6C440D-A897-4DAF-AD4A-4602E1A301E1}"
EndProject
Project("{FAE04EC0-301F-11D3-BF4B-00C04F79EFBC}") = "Indexer", "Indexer\Indexer.csproj", "{0FC12F5A-2E30-4F3C-827D-36891C8C4D33}"
EndProject
Global
	GlobalSection(SolutionConfigurationPlatforms) = preSolution
		Debug|Any CPU = Debug|Any CPU
		Release|Any CPU = Release|Any CPU
	EndGlobalSection
	GlobalSection(ProjectConfigurationPlatforms) = postSolution
		{DC366A67-36D7-4B92-B904-D1D985361AE3}.Debug|Any CPU.ActiveCfg = Debug|Any CPU
		{DC366A67-36D7-4B92-B904-D1D985361AE3}.Debug|Any CPU.Build.0 = Debug|Any CPU
		{DC366A67-36D7-4B92-B904-D1D985361AE3}.Release|Any CPU.ActiveCfg = Release|Any CPU
		{DC366A67-36D7-4B92-B904-D1D985361AE3}.Release|Any CPU.Build.0 = Release|Any CPU
		{8E8D0581-1570-4C8F-BA4E-D8759FB1C035}.Debug|Any CPU.ActiveCfg = Debug|Any CPU
		{8E8D0581-1570-4C8F-BA4E-D8759FB1C035}.Debug|Any CPU.Build.0 = Debug|Any CPU
		{8E8D0581-1570-4C8F-BA4E-D8759FB1C035}.Release|Any CPU.ActiveCfg = Release|Any CPU
		{8E8D0581-1570-4C8F-BA4E-D8759FB1C035}.Release|Any CPU.Build.0 = Release|Any CPU
		{B41DB859-6E6F-4BE2-AE9F-2A14901C07D6}.Debug|Any CPU.ActiveCfg = Debug|Any CPU
		{B41DB859-6E6F-4BE2-AE9F-2A14901C07D6}.Debug|Any CPU.Build.0 = Debug|Any CPU
		{B41DB859-6E6F-4BE2-AE9F-2A14901C07D6}.Release|Any CPU.ActiveCfg = Release|Any CPU
		{B41DB859-6E6F-4BE2-AE9F-2A14901C07D6}.Release|Any CPU.Build.0 = Release|Any CPU
		{25536763-0F66-4283-90F0-5DE2C6B3550C}.Debug|Any CPU.ActiveCfg = Debug|Any CPU
		{25536763-0F66-4283-90F0-5DE2C6B3550C}.Debug|Any CPU.Build.0 = Debug|Any CPU
		{25536763-0F66-4283-90F0-5DE2C6B3550C}.Release|Any CPU.ActiveCfg = Release|Any CPU
		{25536763-0F66-4283-90F0-5DE2C6B3550C}.Release|Any CPU.Build.0 = Release|Any CPU
		{B43959ED-EC69-4194-9DF2-E59BD6472D2E}.Debug|Any CPU.ActiveCfg = Debug|Any CPU
		{B43959ED-EC69-4194-9DF2-E59BD6472D2E}.Debug|Any CPU.Build.0 = Debug|Any CPU
		{B43959ED-EC69-4194-9DF2-E59BD6472D2E}.Release|Any CPU.ActiveCfg = Release|Any CPU
		{B43959ED-EC69-4194-9DF2-E59BD6472D2E}.Release|Any CPU.Build.0 = Release|Any CPU
		{AD3B73F9-EDE0-4680-BDE6-5BA0D1300E09}.Debug|Any CPU.ActiveCfg = Debug|Any CPU
		{AD3B73F9-EDE0-4680-BDE6-5BA0D1300E09}.Debug|Any CPU.Build.0 = Debug|Any CPU
		{AD3B73F9-EDE0-4680-BDE6-5BA0D1300E09}.Release|Any CPU.ActiveCfg = Release|Any CPU
		{AD3B73F9-EDE0-4680-BDE6-5BA0D1300E09}.Release|Any CPU.Build.0 = Release|Any CPU
		{52C30B4A-88C3-4CEA-8F9E-D8B09373D4FE}.Debug|Any CPU.ActiveCfg = Debug|Any CPU
		{52C30B4A-88C3-4CEA-8F9E-D8B09373D4FE}.Debug|Any CPU.Build.0 = Debug|Any CPU
		{52C30B4A-88C3-4CEA-8F9E-D8B09373D4FE}.Release|Any CPU.ActiveCfg = Release|Any CPU
		{52C30B4A-88C3-4CEA-8F9E-D8B09373D4FE}.Release|Any CPU.Build.0 = Release|Any CPU
		{A34653BB-0CD3-43B9-A635-D858A65860B6}.Debug|Any CPU.ActiveCfg = Debug|Any CPU
		{A34653BB-0CD3-43B9-A635-D858A65860B6}.Debug|Any CPU.Build.0 = Debug|Any CPU
		{A34653BB-0CD3-43B9-A635-D858A65860B6}.Release|Any CPU.ActiveCfg = Release|Any CPU
		{A34653BB-0CD3-43B9-A635-D858A65860B6}.Release|Any CPU.Build.0 = Release|Any CPU
		{306D128F-7157-4A81-9C5F-912F38BE1F31}.Debug|Any CPU.ActiveCfg = Debug|Any CPU
		{306D128F-7157-4A81-9C5F-912F38BE1F31}.Debug|Any CPU.Build.0 = Debug|Any CPU
		{306D128F-7157-4A81-9C5F-912F38BE1F31}.Release|Any CPU.ActiveCfg = Release|Any CPU
		{306D128F-7157-4A81-9C5F-912F38BE1F31}.Release|Any CPU.Build.0 = Release|Any CPU
		{69220264-5310-494D-B855-4820CCDD5EBA}.Debug|Any CPU.ActiveCfg = Debug|Any CPU
		{69220264-5310-494D-B855-4820CCDD5EBA}.Debug|Any CPU.Build.0 = Debug|Any CPU
		{69220264-5310-494D-B855-4820CCDD5EBA}.Release|Any CPU.ActiveCfg = Release|Any CPU
		{69220264-5310-494D-B855-4820CCDD5EBA}.Release|Any CPU.Build.0 = Release|Any CPU
		{FA6C440D-A897-4DAF-AD4A-4602E1A301E1}.Debug|Any CPU.ActiveCfg = Debug|Any CPU
		{FA6C440D-A897-4DAF-AD4A-4602E1A301E1}.Debug|Any CPU.Build.0 = Debug|Any CPU
		{FA6C440D-A897-4DAF-AD4A-4602E1A301E1}.Release|Any CPU.ActiveCfg = Release|Any CPU
		{FA6C440D-A897-4DAF-AD4A-4602E1A301E1}.Release|Any CPU.Build.0 = Release|Any CPU
		{0FC12F5A-2E30-4F3C-827D-36891C8C4D33}.Debug|Any CPU.ActiveCfg = Debug|Any CPU
		{0FC12F5A-2E30-4F3C-827D-36891C8C4D33}.Debug|Any CPU.Build.0 = Debug|Any CPU
		{0FC12F5A-2E30-4F3C-827D-36891C8C4D33}.Release|Any CPU.ActiveCfg = Release|Any CPU
		{0FC12F5A-2E30-4F3C-827D-36891C8C4D33}.Release|Any CPU.Build.0 = Release|Any CPU
	EndGlobalSection
	GlobalSection(SolutionProperties) = preSolution
		HideSolutionNode = FALSE
	EndGlobalSection
	GlobalSection(ExtensibilityGlobals) = postSolution
		SolutionGuid = {6B1B5760-1B7E-41CA-8034-205C1F99FAA0}
	EndGlobalSection
EndGlobal
